
Microsoft Visual Studio Solution File, Format Version 12.00
Project("{FAE04EC0-301F-11D3-BF4B-00C04F79EFBC}") = "GitUp", "GitUp\GitUp.csproj", "{323525E7-BBF6-4D88-8F96-640CB3C466FB}"
EndProject
Global
	GlobalSection(SolutionConfigurationPlatforms) = preSolution
		Debug|Any CPU = Debug|Any CPU
		Release|Any CPU = Release|Any CPU
	EndGlobalSection
	GlobalSection(ProjectConfigurationPlatforms) = postSolution
		{323525E7-BBF6-4D88-8F96-640CB3C466FB}.Debug|Any CPU.ActiveCfg = Debug|Any CPU
		{323525E7-BBF6-4D88-8F96-640CB3C466FB}.Debug|Any CPU.Build.0 = Debug|Any CPU
		{323525E7-BBF6-4D88-8F96-640CB3C466FB}.Release|Any CPU.ActiveCfg = Release|Any CPU
		{323525E7-BBF6-4D88-8F96-640CB3C466FB}.Release|Any CPU.Build.0 = Release|Any CPU
	EndGlobalSection
EndGlobal
